# This file is automatically @generated by Cargo.
# It is not intended for manual editing.
[[package]]
name = "eddie"
version = "0.4.1"
source = "registry+https://github.com/rust-lang/crates.io-index"

[[package]]
name = "eddie-js"
version = "0.1.0"
dependencies = [
 "eddie 0.4.1 (registry+https://github.com/rust-lang/crates.io-index)",
]

[metadata]
"checksum eddie 0.4.1 (registry+https://github.com/rust-lang/crates.io-index)" = "0c41a0a9fb624179f56f4160584c8b4fd3a4555a459338b0068c87ce3d9a5e86"
